
Microsoft Visual Studio Solution File, Format Version 12.00
# Visual Studio Version 17
VisualStudioVersion = 17.0.31903.59
MinimumVisualStudioVersion = 10.0.40219.1
Project("{2150E333-8FDC-42A3-9474-1A3956D46DE8}") = "src", "src", "{E7263CE0-3BBA-4D9B-B1AC-8568C5789081}"
EndProject
Project("{FAE04EC0-301F-11D3-BF4B-00C04F79EFBC}") = "SimpleDB", "src\SimpleDB\SimpleDB.csproj", "{98C2E075-9908-476F-AB9A-330ECE4D3023}"
EndProject
Project("{2150E333-8FDC-42A3-9474-1A3956D46DE8}") = "test", "test", "{57939CF5-90DB-47D0-9924-D0B8B14496F7}"
EndProject
Project("{FAE04EC0-301F-11D3-BF4B-00C04F79EFBC}") = "Bison.Tests", "test\Bison.Tests\Bison.Tests.csproj", "{86C70A1F-0359-48C4-9A47-85D08F25A0F0}"
EndProject
Project("{FAE04EC0-301F-11D3-BF4B-00C04F79EFBC}") = "CSVDatabase.Tests", "test\CSVDatabase.Tests\CSVDatabase.Tests.csproj", "{1044C4AF-9381-4D9A-B12E-2B48AB395110}"
EndProject
Project("{FAE04EC0-301F-11D3-BF4B-00C04F79EFBC}") = "Bison.EndToEnd.Tests", "test\Bison.EndToEnd.Tests\Bison.EndToEnd.Tests.csproj", "{7A65FA56-260B-4D1B-8303-2678B3A56973}"
EndProject
Project("{FAE04EC0-301F-11D3-BF4B-00C04F79EFBC}") = "CSVDatabase.WebService", "src\CSVDatabase.WebService\CSVDatabase.WebService.csproj", "{4A462434-314D-4803-9833-38C894CBDD24}"
EndProject
Project("{FAE04EC0-301F-11D3-BF4B-00C04F79EFBC}") = "CSVDatabase.WebService.Tests", "test\CSVDatabase.WebService.Tests\CSVDatabase.WebService.Tests.csproj", "{90071574-0D0C-4F8E-B5BB-AE7B4FB68051}"
EndProject
Project("{2150E333-8FDC-42A3-9474-1A3956D46DE8}") = "BisonCLI", "BisonCLI", "{ABFCC822-B4DB-2923-67CE-7D032650AEEF}"
EndProject
Project("{FAE04EC0-301F-11D3-BF4B-00C04F79EFBC}") = "Bison.CLI", "src\BisonCLI\Bison.CLI.csproj", "{048FB216-C5ED-47A5-A4B4-EFFB5F72F75D}"
EndProject
Global
	GlobalSection(SolutionConfigurationPlatforms) = preSolution
		Debug|Any CPU = Debug|Any CPU
		Debug|x64 = Debug|x64
		Debug|x86 = Debug|x86
		Release|Any CPU = Release|Any CPU
		Release|x64 = Release|x64
		Release|x86 = Release|x86
	EndGlobalSection
	GlobalSection(ProjectConfigurationPlatforms) = postSolution
		{98C2E075-9908-476F-AB9A-330ECE4D3023}.Debug|Any CPU.ActiveCfg = Debug|Any CPU
		{98C2E075-9908-476F-AB9A-330ECE4D3023}.Debug|Any CPU.Build.0 = Debug|Any CPU
		{98C2E075-9908-476F-AB9A-330ECE4D3023}.Debug|x64.ActiveCfg = Debug|Any CPU
		{98C2E075-9908-476F-AB9A-330ECE4D3023}.Debug|x64.Build.0 = Debug|Any CPU
		{98C2E075-9908-476F-AB9A-330ECE4D3023}.Debug|x86.ActiveCfg = Debug|Any CPU
		{98C2E075-9908-476F-AB9A-330ECE4D3023}.Debug|x86.Build.0 = Debug|Any CPU
		{98C2E075-9908-476F-AB9A-330ECE4D3023}.Release|Any CPU.ActiveCfg = Release|Any CPU
		{98C2E075-9908-476F-AB9A-330ECE4D3023}.Release|Any CPU.Build.0 = Release|Any CPU
		{98C2E075-9908-476F-AB9A-330ECE4D3023}.Release|x64.ActiveCfg = Release|Any CPU
		{98C2E075-9908-476F-AB9A-330ECE4D3023}.Release|x64.Build.0 = Release|Any CPU
		{98C2E075-9908-476F-AB9A-330ECE4D3023}.Release|x86.ActiveCfg = Release|Any CPU
		{98C2E075-9908-476F-AB9A-330ECE4D3023}.Release|x86.Build.0 = Release|Any CPU
		{86C70A1F-0359-48C4-9A47-85D08F25A0F0}.Debug|Any CPU.ActiveCfg = Debug|Any CPU
		{86C70A1F-0359-48C4-9A47-85D08F25A0F0}.Debug|Any CPU.Build.0 = Debug|Any CPU
		{86C70A1F-0359-48C4-9A47-85D08F25A0F0}.Debug|x64.ActiveCfg = Debug|Any CPU
		{86C70A1F-0359-48C4-9A47-85D08F25A0F0}.Debug|x64.Build.0 = Debug|Any CPU
		{86C70A1F-0359-48C4-9A47-85D08F25A0F0}.Debug|x86.ActiveCfg = Debug|Any CPU
		{86C70A1F-0359-48C4-9A47-85D08F25A0F0}.Debug|x86.Build.0 = Debug|Any CPU
		{86C70A1F-0359-48C4-9A47-85D08F25A0F0}.Release|Any CPU.ActiveCfg = Release|Any CPU
		{86C70A1F-0359-48C4-9A47-85D08F25A0F0}.Release|Any CPU.Build.0 = Release|Any CPU
		{86C70A1F-0359-48C4-9A47-85D08F25A0F0}.Release|x64.ActiveCfg = Release|Any CPU
		{86C70A1F-0359-48C4-9A47-85D08F25A0F0}.Release|x64.Build.0 = Release|Any CPU
		{86C70A1F-0359-48C4-9A47-85D08F25A0F0}.Release|x86.ActiveCfg = Release|Any CPU
		{86C70A1F-0359-48C4-9A47-85D08F25A0F0}.Release|x86.Build.0 = Release|Any CPU
		{1044C4AF-9381-4D9A-B12E-2B48AB395110}.Debug|Any CPU.ActiveCfg = Debug|Any CPU
		{1044C4AF-9381-4D9A-B12E-2B48AB395110}.Debug|Any CPU.Build.0 = Debug|Any CPU
		{1044C4AF-9381-4D9A-B12E-2B48AB395110}.Debug|x64.ActiveCfg = Debug|Any CPU
		{1044C4AF-9381-4D9A-B12E-2B48AB395110}.Debug|x64.Build.0 = Debug|Any CPU
		{1044C4AF-9381-4D9A-B12E-2B48AB395110}.Debug|x86.ActiveCfg = Debug|Any CPU
		{1044C4AF-9381-4D9A-B12E-2B48AB395110}.Debug|x86.Build.0 = Debug|Any CPU
		{1044C4AF-9381-4D9A-B12E-2B48AB395110}.Release|Any CPU.ActiveCfg = Release|Any CPU
		{1044C4AF-9381-4D9A-B12E-2B48AB395110}.Release|Any CPU.Build.0 = Release|Any CPU
		{1044C4AF-9381-4D9A-B12E-2B48AB395110}.Release|x64.ActiveCfg = Release|Any CPU
		{1044C4AF-9381-4D9A-B12E-2B48AB395110}.Release|x64.Build.0 = Release|Any CPU
		{1044C4AF-9381-4D9A-B12E-2B48AB395110}.Release|x86.ActiveCfg = Release|Any CPU
		{1044C4AF-9381-4D9A-B12E-2B48AB395110}.Release|x86.Build.0 = Release|Any CPU
		{7A65FA56-260B-4D1B-8303-2678B3A56973}.Debug|Any CPU.ActiveCfg = Debug|Any CPU
		{7A65FA56-260B-4D1B-8303-2678B3A56973}.Debug|Any CPU.Build.0 = Debug|Any CPU
		{7A65FA56-260B-4D1B-8303-2678B3A56973}.Debug|x64.ActiveCfg = Debug|Any CPU
		{7A65FA56-260B-4D1B-8303-2678B3A56973}.Debug|x64.Build.0 = Debug|Any CPU
		{7A65FA56-260B-4D1B-8303-2678B3A56973}.Debug|x86.ActiveCfg = Debug|Any CPU
		{7A65FA56-260B-4D1B-8303-2678B3A56973}.Debug|x86.Build.0 = Debug|Any CPU
		{7A65FA56-260B-4D1B-8303-2678B3A56973}.Release|Any CPU.ActiveCfg = Release|Any CPU
		{7A65FA56-260B-4D1B-8303-2678B3A56973}.Release|Any CPU.Build.0 = Release|Any CPU
		{7A65FA56-260B-4D1B-8303-2678B3A56973}.Release|x64.ActiveCfg = Release|Any CPU
		{7A65FA56-260B-4D1B-8303-2678B3A56973}.Release|x64.Build.0 = Release|Any CPU
		{7A65FA56-260B-4D1B-8303-2678B3A56973}.Release|x86.ActiveCfg = Release|Any CPU
		{7A65FA56-260B-4D1B-8303-2678B3A56973}.Release|x86.Build.0 = Release|Any CPU
		{4A462434-314D-4803-9833-38C894CBDD24}.Debug|Any CPU.ActiveCfg = Debug|Any CPU
		{4A462434-314D-4803-9833-38C894CBDD24}.Debug|Any CPU.Build.0 = Debug|Any CPU
		{4A462434-314D-4803-9833-38C894CBDD24}.Debug|x64.ActiveCfg = Debug|Any CPU
		{4A462434-314D-4803-9833-38C894CBDD24}.Debug|x64.Build.0 = Debug|Any CPU
		{4A462434-314D-4803-9833-38C894CBDD24}.Debug|x86.ActiveCfg = Debug|Any CPU
		{4A462434-314D-4803-9833-38C894CBDD24}.Debug|x86.Build.0 = Debug|Any CPU
		{4A462434-314D-4803-9833-38C894CBDD24}.Release|Any CPU.ActiveCfg = Release|Any CPU
		{4A462434-314D-4803-9833-38C894CBDD24}.Release|Any CPU.Build.0 = Release|Any CPU
		{4A462434-314D-4803-9833-38C894CBDD24}.Release|x64.ActiveCfg = Release|Any CPU
		{4A462434-314D-4803-9833-38C894CBDD24}.Release|x64.Build.0 = Release|Any CPU
		{4A462434-314D-4803-9833-38C894CBDD24}.Release|x86.ActiveCfg = Release|Any CPU
		{4A462434-314D-4803-9833-38C894CBDD24}.Release|x86.Build.0 = Release|Any CPU
		{90071574-0D0C-4F8E-B5BB-AE7B4FB68051}.Debug|Any CPU.ActiveCfg = Debug|Any CPU
		{90071574-0D0C-4F8E-B5BB-AE7B4FB68051}.Debug|Any CPU.Build.0 = Debug|Any CPU
		{90071574-0D0C-4F8E-B5BB-AE7B4FB68051}.Debug|x64.ActiveCfg = Debug|Any CPU
		{90071574-0D0C-4F8E-B5BB-AE7B4FB68051}.Debug|x64.Build.0 = Debug|Any CPU
		{90071574-0D0C-4F8E-B5BB-AE7B4FB68051}.Debug|x86.ActiveCfg = Debug|Any CPU
		{90071574-0D0C-4F8E-B5BB-AE7B4FB68051}.Debug|x86.Build.0 = Debug|Any CPU
		{90071574-0D0C-4F8E-B5BB-AE7B4FB68051}.Release|Any CPU.ActiveCfg = Release|Any CPU
		{90071574-0D0C-4F8E-B5BB-AE7B4FB68051}.Release|Any CPU.Build.0 = Release|Any CPU
		{90071574-0D0C-4F8E-B5BB-AE7B4FB68051}.Release|x64.ActiveCfg = Release|Any CPU
		{90071574-0D0C-4F8E-B5BB-AE7B4FB68051}.Release|x64.Build.0 = Release|Any CPU
		{90071574-0D0C-4F8E-B5BB-AE7B4FB68051}.Release|x86.ActiveCfg = Release|Any CPU
		{90071574-0D0C-4F8E-B5BB-AE7B4FB68051}.Release|x86.Build.0 = Release|Any CPU
		{048FB216-C5ED-47A5-A4B4-EFFB5F72F75D}.Debug|Any CPU.ActiveCfg = Debug|Any CPU
		{048FB216-C5ED-47A5-A4B4-EFFB5F72F75D}.Debug|Any CPU.Build.0 = Debug|Any CPU
		{048FB216-C5ED-47A5-A4B4-EFFB5F72F75D}.Debug|x64.ActiveCfg = Debug|Any CPU
		{048FB216-C5ED-47A5-A4B4-EFFB5F72F75D}.Debug|x64.Build.0 = Debug|Any CPU
		{048FB216-C5ED-47A5-A4B4-EFFB5F72F75D}.Debug|x86.ActiveCfg = Debug|Any CPU
		{048FB216-C5ED-47A5-A4B4-EFFB5F72F75D}.Debug|x86.Build.0 = Debug|Any CPU
		{048FB216-C5ED-47A5-A4B4-EFFB5F72F75D}.Release|Any CPU.ActiveCfg = Release|Any CPU
		{048FB216-C5ED-47A5-A4B4-EFFB5F72F75D}.Release|Any CPU.Build.0 = Release|Any CPU
		{048FB216-C5ED-47A5-A4B4-EFFB5F72F75D}.Release|x64.ActiveCfg = Release|Any CPU
		{048FB216-C5ED-47A5-A4B4-EFFB5F72F75D}.Release|x64.Build.0 = Release|Any CPU
		{048FB216-C5ED-47A5-A4B4-EFFB5F72F75D}.Release|x86.ActiveCfg = Release|Any CPU
		{048FB216-C5ED-47A5-A4B4-EFFB5F72F75D}.Release|x86.Build.0 = Release|Any CPU
	EndGlobalSection
	GlobalSection(SolutionProperties) = preSolution
		HideSolutionNode = FALSE
	EndGlobalSection
	GlobalSection(NestedProjects) = preSolution
		{98C2E075-9908-476F-AB9A-330ECE4D3023} = {E7263CE0-3BBA-4D9B-B1AC-8568C5789081}
		{86C70A1F-0359-48C4-9A47-85D08F25A0F0} = {57939CF5-90DB-47D0-9924-D0B8B14496F7}
		{1044C4AF-9381-4D9A-B12E-2B48AB395110} = {57939CF5-90DB-47D0-9924-D0B8B14496F7}
		{7A65FA56-260B-4D1B-8303-2678B3A56973} = {57939CF5-90DB-47D0-9924-D0B8B14496F7}
		{4A462434-314D-4803-9833-38C894CBDD24} = {E7263CE0-3BBA-4D9B-B1AC-8568C5789081}
		{90071574-0D0C-4F8E-B5BB-AE7B4FB68051} = {57939CF5-90DB-47D0-9924-D0B8B14496F7}
		{ABFCC822-B4DB-2923-67CE-7D032650AEEF} = {E7263CE0-3BBA-4D9B-B1AC-8568C5789081}
		{048FB216-C5ED-47A5-A4B4-EFFB5F72F75D} = {ABFCC822-B4DB-2923-67CE-7D032650AEEF}
	EndGlobalSection
EndGlobal
